
Microsoft Visual Studio Solution File, Format Version 12.00
# Visual Studio Version 17
VisualStudioVersion = 17.0.31903.59
MinimumVisualStudioVersion = 10.0.40219.1
Project("{9A19103F-16F7-4668-BE54-9A1E7A4F7556}") = "dotnet6-tesseract-ocr", "dotnet6-tesseract-ocr\dotnet6-tesseract-ocr.csproj", "{BE2DB1C0-0F02-448D-BAD3-7F1D946C1A61}"
EndProject
Global
	GlobalSection(SolutionConfigurationPlatforms) = preSolution
		Debug|Any CPU = Debug|Any CPU
		Release|Any CPU = Release|Any CPU
	EndGlobalSection
	GlobalSection(ProjectConfigurationPlatforms) = postSolution
		{BE2DB1C0-0F02-448D-BAD3-7F1D946C1A61}.Debug|Any CPU.ActiveCfg = Debug|Any CPU
		{BE2DB1C0-0F02-448D-BAD3-7F1D946C1A61}.Debug|Any CPU.Build.0 = Debug|Any CPU
		{BE2DB1C0-0F02-448D-BAD3-7F1D946C1A61}.Release|Any CPU.ActiveCfg = Release|Any CPU
		{BE2DB1C0-0F02-448D-BAD3-7F1D946C1A61}.Release|Any CPU.Build.0 = Release|Any CPU
	EndGlobalSection
	GlobalSection(SolutionProperties) = preSolution
		HideSolutionNode = FALSE
	EndGlobalSection
	GlobalSection(ExtensibilityGlobals) = postSolution
		SolutionGuid = {D9A914E8-DEE3-46EF-8A12-1B1438153986}
	EndGlobalSection
EndGlobal
